
Microsoft Visual Studio Solution File, Format Version 12.00
# Visual Studio 15
VisualStudioVersion = 15.0.26228.9
MinimumVisualStudioVersion = 10.0.40219.1
Project("{FAE04EC0-301F-11D3-BF4B-00C04F79EFBC}") = "LimpaPasta", "LimpaPasta\LimpaPasta.csproj", "{F7502D9C-E70E-47D3-960E-FAF0632AE293}"
EndProject
Project("{FAE04EC0-301F-11D3-BF4B-00C04F79EFBC}") = "DeleteRegeditLimpaPasta", "DeleteRegeditLimpaPasta\DeleteRegeditLimpaPasta.csproj", "{2EC15479-B5D5-4E5A-8557-800503FBFC60}"
EndProject
Global
	GlobalSection(SolutionConfigurationPlatforms) = preSolution
		Debug|Any CPU = Debug|Any CPU
		Release|Any CPU = Release|Any CPU
	EndGlobalSection
	GlobalSection(ProjectConfigurationPlatforms) = postSolution
		{F7502D9C-E70E-47D3-960E-FAF0632AE293}.Debug|Any CPU.ActiveCfg = Debug|Any CPU
		{F7502D9C-E70E-47D3-960E-FAF0632AE293}.Debug|Any CPU.Build.0 = Debug|Any CPU
		{F7502D9C-E70E-47D3-960E-FAF0632AE293}.Release|Any CPU.ActiveCfg = Release|Any CPU
		{F7502D9C-E70E-47D3-960E-FAF0632AE293}.Release|Any CPU.Build.0 = Release|Any CPU
		{2EC15479-B5D5-4E5A-8557-800503FBFC60}.Debug|Any CPU.ActiveCfg = Debug|Any CPU
		{2EC15479-B5D5-4E5A-8557-800503FBFC60}.Debug|Any CPU.Build.0 = Debug|Any CPU
		{2EC15479-B5D5-4E5A-8557-800503FBFC60}.Release|Any CPU.ActiveCfg = Release|Any CPU
		{2EC15479-B5D5-4E5A-8557-800503FBFC60}.Release|Any CPU.Build.0 = Release|Any CPU
	EndGlobalSection
	GlobalSection(SolutionProperties) = preSolution
		HideSolutionNode = FALSE
	EndGlobalSection
EndGlobal
